// !$*UTF8*$!
{
	archiveVersion = 1;
	classes = {
	};
	objectVersion = 56;
	objects = {

/* Begin PBXBuildFile section */
		D50CD97329DB486900A3F267 /* AppDelegate.swift in Sources */ = {isa = PBXBuildFile; fileRef = D50CD97229DB486900A3F267 /* AppDelegate.swift */; };
		D50CD97529DB486900A3F267 /* SceneDelegate.swift in Sources */ = {isa = PBXBuildFile; fileRef = D50CD97429DB486900A3F267 /* SceneDelegate.swift */; };
		D50CD97729DB486900A3F267 /* ViewController.swift in Sources */ = {isa = PBXBuildFile; fileRef = D50CD97629DB486900A3F267 /* ViewController.swift */; };
		D50CD97A29DB486900A3F267 /* Main.storyboard in Resources */ = {isa = PBXBuildFile; fileRef = D50CD97829DB486900A3F267 /* Main.storyboard */; };
		D50CD97C29DB486B00A3F267 /* Assets.xcassets in Resources */ = {isa = PBXBuildFile; fileRef = D50CD97B29DB486B00A3F267 /* Assets.xcassets */; };
		D50CD97F29DB486B00A3F267 /* LaunchScreen.storyboard in Resources */ = {isa = PBXBuildFile; fileRef = D50CD97D29DB486B00A3F267 /* LaunchScreen.storyboard */; };
		D50CD98B29DB5A3D00A3F267 /* Question.swift in Sources */ = {isa = PBXBuildFile; fileRef = D50CD98A29DB5A3D00A3F267 /* Question.swift */; };
/* End PBXBuildFile section */

/* Begin PBXFileReference section */
		D50CD96F29DB486900A3F267 /* lesson7MVC.app */ = {isa = PBXFileReference; explicitFileType = wrapper.application; includeInIndex = 0; path = lesson7MVC.app; sourceTree = BUILT_PRODUCTS_DIR; };
		D50CD97229DB486900A3F267 /* AppDelegate.swift */ = {isa = PBXFileReference; lastKnownFileType = sourcecode.swift; path = AppDelegate.swift; sourceTree = "<group>"; };
		D50CD97429DB486900A3F267 /* SceneDelegate.swift */ = {isa = PBXFileReference; lastKnownFileType = sourcecode.swift; path = SceneDelegate.swift; sourceTree = "<group>"; };
		D50CD97629DB486900A3F267 /* ViewController.swift */ = {isa = PBXFileReference; lastKnownFileType = sourcecode.swift; path = ViewController.swift; sourceTree = "<group>"; };
		D50CD97929DB486900A3F267 /* Base */ = {isa = PBXFileReference; lastKnownFileType = file.storyboard; name = Base; path = Base.lproj/Main.storyboard; sourceTree = "<group>"; };
		D50CD97B29DB486B00A3F267 /* Assets.xcassets */ = {isa = PBXFileReference; lastKnownFileType = folder.assetcatalog; path = Assets.xcassets; sourceTree = "<group>"; };
		D50CD97E29DB486B00A3F267 /* Base */ = {isa = PBXFileReference; lastKnownFileType = file.storyboard; name = Base; path = Base.lproj/LaunchScreen.storyboard; sourceTree = "<group>"; };
		D50CD98029DB486B00A3F267 /* Info.plist */ = {isa = PBXFileReference; lastKnownFileType = text.plist.xml; path = Info.plist; sourceTree = "<group>"; };
		D50CD98A29DB5A3D00A3F267 /* Question.swift */ = {isa = PBXFileReference; lastKnownFileType = sourcecode.swift; path = Question.swift; sourceTree = "<group>"; };
/* End PBXFileReference section */

/* Begin PBXFrameworksBuildPhase section */
		D50CD96C29DB486900A3F267 /* Frameworks */ = {
			isa = PBXFrameworksBuildPhase;
			buildActionMask = 2147483647;
			files = (
			);
			runOnlyForDeploymentPostprocessing = 0;
		};
/* End PBXFrameworksBuildPhase section */

/* Begin PBXGroup section */
		D50CD96629DB486800A3F267 = {
			isa = PBXGroup;
			children = (
				D50CD97129DB486900A3F267 /* lesson7MVC */,
				D50CD97029DB486900A3F267 /* Products */,
			);
			sourceTree = "<group>";
		};
		D50CD97029DB486900A3F267 /* Products */ = {
			isa = PBXGroup;
			children = (
				D50CD96F29DB486900A3F267 /* lesson7MVC.app */,
			);
			name = Products;
			sourceTree = "<group>";
		};
		D50CD97129DB486900A3F267 /* lesson7MVC */ = {
			isa = PBXGroup;
			children = (
				D50CD98829DB594D00A3F267 /* ViewControllers */,
				D50CD98929DB597B00A3F267 /* Models */,
				D50CD98729DB592A00A3F267 /* Storyboards */,
				D50CD98629DB58F300A3F267 /* app */,
				D50CD97B29DB486B00A3F267 /* Assets.xcassets */,
			);
			path = lesson7MVC;
			sourceTree = "<group>";
		};
		D50CD98629DB58F300A3F267 /* app */ = {
			isa = PBXGroup;
			children = (
				D50CD97229DB486900A3F267 /* AppDelegate.swift */,
				D50CD97429DB486900A3F267 /* SceneDelegate.swift */,
				D50CD98029DB486B00A3F267 /* Info.plist */,
			);
			path = app;
			sourceTree = "<group>";
		};
		D50CD98729DB592A00A3F267 /* Storyboards */ = {
			isa = PBXGroup;
			children = (
				D50CD97829DB486900A3F267 /* Main.storyboard */,
				D50CD97D29DB486B00A3F267 /* LaunchScreen.storyboard */,
			);
			path = Storyboards;
			sourceTree = "<group>";
		};
		D50CD98829DB594D00A3F267 /* ViewControllers */ = {
			isa = PBXGroup;
			children = (
				D50CD97629DB486900A3F267 /* ViewController.swift */,
			);
			path = ViewControllers;
			sourceTree = "<group>";
		};
		D50CD98929DB597B00A3F267 /* Models */ = {
			isa = PBXGroup;
			children = (
				D50CD98A29DB5A3D00A3F267 /* Question.swift */,
			);
			path = Models;
			sourceTree = "<group>";
		};
/* End PBXGroup section */

/* Begin PBXNativeTarget section */
		D50CD96E29DB486900A3F267 /* lesson7MVC */ = {
			isa = PBXNativeTarget;
			buildConfigurationList = D50CD98329DB486B00A3F267 /* Build configuration list for PBXNativeTarget "lesson7MVC" */;
			buildPhases = (
				D50CD96B29DB486900A3F267 /* Sources */,
				D50CD96C29DB486900A3F267 /* Frameworks */,
				D50CD96D29DB486900A3F267 /* Resources */,
			);
			buildRules = (
			);
			dependencies = (
			);
			name = lesson7MVC;
			productName = lesson7MVC;
			productReference = D50CD96F29DB486900A3F267 /* lesson7MVC.app */;
			productType = "com.apple.product-type.application";
		};
/* End PBXNativeTarget section */

/* Begin PBXProject section */
		D50CD96729DB486800A3F267 /* Project object */ = {
			isa = PBXProject;
			attributes = {
				BuildIndependentTargetsInParallel = 1;
				LastSwiftUpdateCheck = 1420;
				LastUpgradeCheck = 1420;
				TargetAttributes = {
					D50CD96E29DB486900A3F267 = {
						CreatedOnToolsVersion = 14.2;
					};
				};
			};
			buildConfigurationList = D50CD96A29DB486800A3F267 /* Build configuration list for PBXProject "lesson7MVC" */;
			compatibilityVersion = "Xcode 14.0";
			developmentRegion = en;
			hasScannedForEncodings = 0;
			knownRegions = (
				en,
				Base,
			);
			mainGroup = D50CD96629DB486800A3F267;
			productRefGroup = D50CD97029DB486900A3F267 /* Products */;
			projectDirPath = "";
			projectRoot = "";
			targets = (
				D50CD96E29DB486900A3F267 /* lesson7MVC */,
			);
		};
/* End PBXProject section */

/* Begin PBXResourcesBuildPhase section */
		D50CD96D29DB486900A3F267 /* Resources */ = {
			isa = PBXResourcesBuildPhase;
			buildActionMask = 2147483647;
			files = (
				D50CD97F29DB486B00A3F267 /* LaunchScreen.storyboard in Resources */,
				D50CD97C29DB486B00A3F267 /* Assets.xcassets in Resources */,
				D50CD97A29DB486900A3F267 /* Main.storyboard in Resources */,
			);
			runOnlyForDeploymentPostprocessing = 0;
		};
/* End PBXResourcesBuildPhase section */

/* Begin PBXSourcesBuildPhase section */
		D50CD96B29DB486900A3F267 /* Sources */ = {
			isa = PBXSourcesBuildPhase;
			buildActionMask = 2147483647;
			files = (
				D50CD97729DB486900A3F267 /* ViewController.swift in Sources */,
				D50CD98B29DB5A3D00A3F267 /* Question.swift in Sources */,
				D50CD97329DB486900A3F267 /* AppDelegate.swift in Sources */,
				D50CD97529DB486900A3F267 /* SceneDelegate.swift in Sources */,
			);
			runOnlyForDeploymentPostprocessing = 0;
		};
/* End PBXSourcesBuildPhase section */

/* Begin PBXVariantGroup section */
		D50CD97829DB486900A3F267 /* Main.storyboard */ = {
			isa = PBXVariantGroup;
			children = (
				D50CD97929DB486900A3F267 /* Base */,
			);
			name = Main.storyboard;
			sourceTree = "<group>";
		};
		D50CD97D29DB486B00A3F267 /* LaunchScreen.storyboard */ = {
			isa = PBXVariantGroup;
			children = (
				D50CD97E29DB486B00A3F267 /* Base */,
			);
			name = LaunchScreen.storyboard;
			sourceTree = "<group>";
		};
/* End PBXVariantGroup section */

/* Begin XCBuildConfiguration section */
		D50CD98129DB486B00A3F267 /* Debug */ = {
			isa = XCBuildConfiguration;
			buildSettings = {
				ALWAYS_SEARCH_USER_PATHS = NO;
				CLANG_ANALYZER_NONNULL = YES;
				CLANG_ANALYZER_NUMBER_OBJECT_CONVERSION = YES_AGGRESSIVE;
				CLANG_CXX_LANGUAGE_STANDARD = "gnu++20";
				CLANG_ENABLE_MODULES = YES;
				CLANG_ENABLE_OBJC_ARC = YES;
				CLANG_ENABLE_OBJC_WEAK = YES;
				CLANG_WARN_BLOCK_CAPTURE_AUTORELEASING = YES;
				CLANG_WARN_BOOL_CONVERSION = YES;
				CLANG_WARN_COMMA = YES;
				CLANG_WARN_CONSTANT_CONVERSION = YES;
				CLANG_WARN_DEPRECATED_OBJC_IMPLEMENTATIONS = YES;
				CLANG_WARN_DIRECT_OBJC_ISA_USAGE = YES_ERROR;
				CLANG_WARN_DOCUMENTATION_COMMENTS = YES;
				CLANG_WARN_EMPTY_BODY = YES;
				CLANG_WARN_ENUM_CONVERSION = YES;
				CLANG_WARN_INFINITE_RECURSION = YES;
				CLANG_WARN_INT_CONVERSION = YES;
				CLANG_WARN_NON_LITERAL_NULL_CONVERSION = YES;
				CLANG_WARN_OBJC_IMPLICIT_RETAIN_SELF = YES;
				CLANG_WARN_OBJC_LITERAL_CONVERSION = YES;
				CLANG_WARN_OBJC_ROOT_CLASS = YES_ERROR;
				CLANG_WARN_QUOTED_INCLUDE_IN_FRAMEWORK_HEADER = YES;
				CLANG_WARN_RANGE_LOOP_ANALYSIS = YES;
				CLANG_WARN_STRICT_PROTOTYPES = YES;
				CLANG_WARN_SUSPICIOUS_MOVE = YES;
				CLANG_WARN_UNGUARDED_AVAILABILITY = YES_AGGRESSIVE;
				CLANG_WARN_UNREACHABLE_CODE = YES;
				CLANG_WARN__DUPLICATE_METHOD_MATCH = YES;
				COPY_PHASE_STRIP = NO;
				DEBUG_INFORMATION_FORMAT = dwarf;
				ENABLE_STRICT_OBJC_MSGSEND = YES;
				ENABLE_TESTABILITY = YES;
				GCC_C_LANGUAGE_STANDARD = gnu11;
				GCC_DYNAMIC_NO_PIC = NO;
				GCC_NO_COMMON_BLOCKS = YES;
				GCC_OPTIMIZATION_LEVEL = 0;
				GCC_PREPROCESSOR_DEFINITIONS = (
					"DEBUG=1",
					"$(inherited)",
				);
				GCC_WARN_64_TO_32_BIT_CONVERSION = YES;
				GCC_WARN_ABOUT_RETURN_TYPE = YES_ERROR;
				GCC_WARN_UNDECLARED_SELECTOR = YES;
				GCC_WARN_UNINITIALIZED_AUTOS = YES_AGGRESSIVE;
				GCC_WARN_UNUSED_FUNCTION = YES;
				GCC_WARN_UNUSED_VARIABLE = YES;
				IPHONEOS_DEPLOYMENT_TARGET = 16.2;
				MTL_ENABLE_DEBUG_INFO = INCLUDE_SOURCE;
				MTL_FAST_MATH = YES;
				ONLY_ACTIVE_ARCH = YES;
				SDKROOT = iphoneos;
				SWIFT_ACTIVE_COMPILATION_CONDITIONS = DEBUG;
				SWIFT_OPTIMIZATION_LEVEL = "-Onone";
			};
			name = Debug;
		};
		D50CD98229DB486B00A3F267 /* Release */ = {
			isa = XCBuildConfiguration;
			buildSettings = {
				ALWAYS_SEARCH_USER_PATHS = NO;
				CLANG_ANALYZER_NONNULL = YES;
				CLANG_ANALYZER_NUMBER_OBJECT_CONVERSION = YES_AGGRESSIVE;
				CLANG_CXX_LANGUAGE_STANDARD = "gnu++20";
				CLANG_ENABLE_MODULES = YES;
				CLANG_ENABLE_OBJC_ARC = YES;
				CLANG_ENABLE_OBJC_WEAK = YES;
				CLANG_WARN_BLOCK_CAPTURE_AUTORELEASING = YES;
				CLANG_WARN_BOOL_CONVERSION = YES;
				CLANG_WARN_COMMA = YES;
				CLANG_WARN_CONSTANT_CONVERSION = YES;
				CLANG_WARN_DEPRECATED_OBJC_IMPLEMENTATIONS = YES;
				CLANG_WARN_DIRECT_OBJC_ISA_USAGE = YES_ERROR;
				CLANG_WARN_DOCUMENTATION_COMMENTS = YES;
				CLANG_WARN_EMPTY_BODY = YES;
				CLANG_WARN_ENUM_CONVERSION = YES;
				CLANG_WARN_INFINITE_RECURSION = YES;
				CLANG_WARN_INT_CONVERSION = YES;
				CLANG_WARN_NON_LITERAL_NULL_CONVERSION = YES;
				CLANG_WARN_OBJC_IMPLICIT_RETAIN_SELF = YES;
				CLANG_WARN_OBJC_LITERAL_CONVERSION = YES;
				CLANG_WARN_OBJC_ROOT_CLASS = YES_ERROR;
				CLANG_WARN_QUOTED_INCLUDE_IN_FRAMEWORK_HEADER = YES;
				CLANG_WARN_RANGE_LOOP_ANALYSIS = YES;
				CLANG_WARN_STRICT_PROTOTYPES = YES;
				CLANG_WARN_SUSPICIOUS_MOVE = YES;
				CLANG_WARN_UNGUARDED_AVAILABILITY = YES_AGGRESSIVE;
				CLANG_WARN_UNREACHABLE_CODE = YES;
				CLANG_WARN__DUPLICATE_METHOD_MATCH = YES;
				COPY_PHASE_STRIP = NO;
				DEBUG_INFORMATION_FORMAT = "dwarf-with-dsym";
				ENABLE_NS_ASSERTIONS = NO;
				ENABLE_STRICT_OBJC_MSGSEND = YES;
				GCC_C_LANGUAGE_STANDARD = gnu11;
				GCC_NO_COMMON_BLOCKS = YES;
				GCC_WARN_64_TO_32_BIT_CONVERSION = YES;
				GCC_WARN_ABOUT_RETURN_TYPE = YES_ERROR;
				GCC_WARN_UNDECLARED_SELECTOR = YES;
				GCC_WARN_UNINITIALIZED_AUTOS = YES_AGGRESSIVE;
				GCC_WARN_UNUSED_FUNCTION = YES;
				GCC_WARN_UNUSED_VARIABLE = YES;
				IPHONEOS_DEPLOYMENT_TARGET = 16.2;
				MTL_ENABLE_DEBUG_INFO = NO;
				MTL_FAST_MATH = YES;
				SDKROOT = iphoneos;
				SWIFT_COMPILATION_MODE = wholemodule;
				SWIFT_OPTIMIZATION_LEVEL = "-O";
				VALIDATE_PRODUCT = YES;
			};
			name = Release;
		};
		D50CD98429DB486B00A3F267 /* Debug */ = {
			isa = XCBuildConfiguration;
			buildSettings = {
				ASSETCATALOG_COMPILER_APPICON_NAME = AppIcon;
				ASSETCATALOG_COMPILER_GLOBAL_ACCENT_COLOR_NAME = AccentColor;
				CODE_SIGN_STYLE = Automatic;
				CURRENT_PROJECT_VERSION = 1;
				DEVELOPMENT_TEAM = YGHQ3GX5FP;
				GENERATE_INFOPLIST_FILE = YES;
				INFOPLIST_FILE = lesson7MVC/Info.plist;
				INFOPLIST_KEY_UIApplicationSupportsIndirectInputEvents = YES;
				INFOPLIST_KEY_UILaunchStoryboardName = LaunchScreen.storyboard;
				INFOPLIST_KEY_UIMainStoryboardFile = Main;
				INFOPLIST_KEY_UISupportedInterfaceOrientations_iPad = "UIInterfaceOrientationPortrait UIInterfaceOrientationPortraitUpsideDown UIInterfaceOrientationLandscapeLeft UIInterfaceOrientationLandscapeRight";
				INFOPLIST_KEY_UISupportedInterfaceOrientations_iPhone = "UIInterfaceOrientationPortrait UIInterfaceOrientationLandscapeLeft UIInterfaceOrientationLandscapeRight";
				LD_RUNPATH_SEARCH_PATHS = (
					"$(inherited)",
					"@executable_path/Frameworks",
				);
				MARKETING_VERSION = 1.0;
				PRODUCT_BUNDLE_IDENTIFIER = myProject.lesson7MVC;
				PRODUCT_NAME = "$(TARGET_NAME)";
				SUPPORTED_PLATFORMS = "iphoneos iphonesimulator";
				SUPPORTS_MACCATALYST = NO;
				SUPPORTS_MAC_DESIGNED_FOR_IPHONE_IPAD = NO;
				SWIFT_EMIT_LOC_STRINGS = YES;
				SWIFT_VERSION = 5.0;
				TARGETED_DEVICE_FAMILY = 1;
			};
			name = Debug;
		};
		D50CD98529DB486B00A3F267 /* Release */ = {
			isa = XCBuildConfiguration;
			buildSettings = {
				ASSETCATALOG_COMPILER_APPICON_NAME = AppIcon;
				ASSETCATALOG_COMPILER_GLOBAL_ACCENT_COLOR_NAME = AccentColor;
				CODE_SIGN_STYLE = Automatic;
				CURRENT_PROJECT_VERSION = 1;
				DEVELOPMENT_TEAM = YGHQ3GX5FP;
				GENERATE_INFOPLIST_FILE = YES;
				INFOPLIST_FILE = lesson7MVC/Info.plist;
				INFOPLIST_KEY_UIApplicationSupportsIndirectInputEvents = YES;
				INFOPLIST_KEY_UILaunchStoryboardName = LaunchScreen.storyboard;
				INFOPLIST_KEY_UIMainStoryboardFile = Main;
				INFOPLIST_KEY_UISupportedInterfaceOrientations_iPad = "UIInterfaceOrientationPortrait UIInterfaceOrientationPortraitUpsideDown UIInterfaceOrientationLandscapeLeft UIInterfaceOrientationLandscapeRight";
				INFOPLIST_KEY_UISupportedInterfaceOrientations_iPhone = "UIInterfaceOrientationPortrait UIInterfaceOrientationLandscapeLeft UIInterfaceOrientationLandscapeRight";
				LD_RUNPATH_SEARCH_PATHS = (
					"$(inherited)",
					"@executable_path/Frameworks",
				);
				MARKETING_VERSION = 1.0;
				PRODUCT_BUNDLE_IDENTIFIER = myProject.lesson7MVC;
				PRODUCT_NAME = "$(TARGET_NAME)";
				SUPPORTED_PLATFORMS = "iphoneos iphonesimulator";
				SUPPORTS_MACCATALYST = NO;
				SUPPORTS_MAC_DESIGNED_FOR_IPHONE_IPAD = NO;
				SWIFT_EMIT_LOC_STRINGS = YES;
				SWIFT_VERSION = 5.0;
				TARGETED_DEVICE_FAMILY = 1;
			};
			name = Release;
		};
/* End XCBuildConfiguration section */

/* Begin XCConfigurationList section */
		D50CD96A29DB486800A3F267 /* Build configuration list for PBXProject "lesson7MVC" */ = {
			isa = XCConfigurationList;
			buildConfigurations = (
				D50CD98129DB486B00A3F267 /* Debug */,
				D50CD98229DB486B00A3F267 /* Release */,
			);
			defaultConfigurationIsVisible = 0;
			defaultConfigurationName = Release;
		};
		D50CD98329DB486B00A3F267 /* Build configuration list for PBXNativeTarget "lesson7MVC" */ = {
			isa = XCConfigurationList;
			buildConfigurations = (
				D50CD98429DB486B00A3F267 /* Debug */,
				D50CD98529DB486B00A3F267 /* Release */,
			);
			defaultConfigurationIsVisible = 0;
			defaultConfigurationName = Release;
		};
/* End XCConfigurationList section */
	};
	rootObject = D50CD96729DB486800A3F267 /* Project object */;
}
